
Microsoft Visual Studio Solution File, Format Version 12.00
# Visual Studio 15
VisualStudioVersion = 15.0.27130.2020
MinimumVisualStudioVersion = 10.0.40219.1
Project("{8BC9CEB8-8B4A-11D0-8D11-00A0C91BC942}") = "Bisection Method", "Bisection Method\Bisection Method.vcxproj", "{F153D795-2E68-4777-96F8-008E02733459}"
EndProject
Global
	GlobalSection(SolutionConfigurationPlatforms) = preSolution
		Debug|x64 = Debug|x64
		Debug|x86 = Debug|x86
		Release|x64 = Release|x64
		Release|x86 = Release|x86
	EndGlobalSection
	GlobalSection(ProjectConfigurationPlatforms) = postSolution
		{F153D795-2E68-4777-96F8-008E02733459}.Debug|x64.ActiveCfg = Debug|x64
		{F153D795-2E68-4777-96F8-008E02733459}.Debug|x64.Build.0 = Debug|x64
		{F153D795-2E68-4777-96F8-008E02733459}.Debug|x86.ActiveCfg = Debug|Win32
		{F153D795-2E68-4777-96F8-008E02733459}.Debug|x86.Build.0 = Debug|Win32
		{F153D795-2E68-4777-96F8-008E02733459}.Release|x64.ActiveCfg = Release|x64
		{F153D795-2E68-4777-96F8-008E02733459}.Release|x64.Build.0 = Release|x64
		{F153D795-2E68-4777-96F8-008E02733459}.Release|x86.ActiveCfg = Release|Win32
		{F153D795-2E68-4777-96F8-008E02733459}.Release|x86.Build.0 = Release|Win32
	EndGlobalSection
	GlobalSection(SolutionProperties) = preSolution
		HideSolutionNode = FALSE
	EndGlobalSection
	GlobalSection(ExtensibilityGlobals) = postSolution
		SolutionGuid = {3B7BB06C-E813-406F-9ABC-B44B69F83E02}
	EndGlobalSection
EndGlobal
